{
    "_readme": [
        "This file locks the dependencies of your project to a known state",
        "Read more about it at https://getcomposer.org/doc/01-basic-usage.md#installing-dependencies",
        "This file is @generated automatically"
    ],
    "content-hash": "2ebb36e107d8d344897ae8ce37dd6fc7",
    "packages": [
        {
            "name": "aubreypwd/php-cli",
            "version": "dev-main",
            "dist": {
                "type": "path",
                "url": "/Users/aubreypwd/Repos/github.com/aubreypwd/php-cli",
                "reference": "126723cac5ed8effad6ce07e2fe84472f3260641"
            },
            "require": {
                "splitbrain/php-cli": "^1.2"
            },
            "type": "library",
            "autoload": {
                "files": [
                    "autoload.php"
                ]
            },
            "license": [
                "MIT"
            ],
            "authors": [
                {
                    "name": "Aubrey Portwood",
                    "email": "code@aubreypwd.com"
                }
            ],
            "description": "A wrapper for splitbrain/php-cli.",
            "transport-options": {
                "relative": false
            }
        },
        {
            "name": "splitbrain/php-cli",
            "version": "1.2.1",
            "source": {
                "type": "git",
                "url": "https://github.com/splitbrain/php-cli.git",
                "reference": "47cd2b2c1d976d22afb01e121985d59c4f98c031"
            },
            "dist": {
                "type": "zip",
                "url": "https://api.github.com/repos/splitbrain/php-cli/zipball/47cd2b2c1d976d22afb01e121985d59c4f98c031",
                "reference": "47cd2b2c1d976d22afb01e121985d59c4f98c031",
                "shasum": ""
            },
            "require": {
                "php": ">=5.3.0"
            },
            "require-dev": {
                "phpunit/phpunit": "^8"
            },
            "suggest": {
                "psr/log": "Allows you to make the CLI available as PSR-3 logger"
            },
            "type": "library",
            "autoload": {
                "psr-4": {
                    "splitbrain\\phpcli\\": "src"
                }
            },
            "notification-url": "https://packagist.org/downloads/",
            "license": [
                "MIT"
            ],
            "authors": [
                {
                    "name": "Andreas Gohr",
                    "email": "andi@splitbrain.org"
                }
            ],
            "description": "Easy command line scripts for PHP with opt parsing and color output. No dependencies",
            "keywords": [
                "argparse",
                "cli",
                "command line",
                "console",
                "getopt",
                "optparse",
                "terminal"
            ],
            "support": {
                "issues": "https://github.com/splitbrain/php-cli/issues",
                "source": "https://github.com/splitbrain/php-cli/tree/1.2.1"
            },
            "time": "2022-11-04T11:59:39+00:00"
        }
    ],
    "packages-dev": [],
    "aliases": [],
    "minimum-stability": "stable",
    "stability-flags": {
        "aubreypwd/php-cli": 20
    },
    "prefer-stable": false,
    "prefer-lowest": false,
    "platform": [],
    "platform-dev": [],
    "plugin-api-version": "2.3.0"
}
